# THIS IS AN AUTOGENERATED FILE. DO NOT EDIT THIS FILE DIRECTLY.
# yarn lockfile v1


"@scarf/scarf@=1.4.0":
  version "1.4.0"
  resolved "https://registry.yarnpkg.com/@scarf/scarf/-/scarf-1.4.0.tgz#3bbb984085dbd6d982494538b523be1ce6562972"
  integrity sha512-xxeapPiUXdZAE3che6f3xogoJPeZgig6omHEy1rIY5WVsB3H2BHNnZH+gHG6x91SCWyQCzWGsuL2Hh3ClO5/qQ==

swagger-ui-dist@^5.32.6:
  version "5.32.6"
  resolved "https://registry.yarnpkg.com/swagger-ui-dist/-/swagger-ui-dist-5.32.6.tgz#4a6a56786915ea4bfea43f00ff17890df8124d4c"
  integrity sha512-75ttZNaYCLoFPnozPZcTUU6mS3wKT8l7WLjU5zJSHFeJa23i5vtnze6IiCl4jDMPeQTXVXIgovq4M11NNfQvSA==
  dependencies:
    "@scarf/scarf" "=1.4.0"
